
Microsoft Visual Studio Solution File, Format Version 12.00
# Visual Studio Version 17
VisualStudioVersion = 17.2.32526.322
MinimumVisualStudioVersion = 10.0.40219.1
Project("{9A19103F-16F7-4668-BE54-9A1E7A4F7556}") = "MvcWebApplication", "MvcWebApplication\MvcWebApplication.csproj", "{EEC3B323-D731-4079-B0FA-67B2E7120FE3}"
EndProject
Project("{FAE04EC0-301F-11D3-BF4B-00C04F79EFBC}") = "TestProject1", "TestProject1\TestProject1.csproj", "{B2DA5B4A-9E42-48B0-934F-0FCE0A4CEAB2}"
EndProject
Project("{FAE04EC0-301F-11D3-BF4B-00C04F79EFBC}") = "TestProject2", "TestProject2\TestProject2.csproj", "{BB1B3B86-FD44-4953-97E6-B2DF89F944B5}"
EndProject
Global
	GlobalSection(SolutionConfigurationPlatforms) = preSolution
		Debug|Any CPU = Debug|Any CPU
		Release|Any CPU = Release|Any CPU
	EndGlobalSection
	GlobalSection(ProjectConfigurationPlatforms) = postSolution
		{EEC3B323-D731-4079-B0FA-67B2E7120FE3}.Debug|Any CPU.ActiveCfg = Debug|Any CPU
		{EEC3B323-D731-4079-B0FA-67B2E7120FE3}.Debug|Any CPU.Build.0 = Debug|Any CPU
		{EEC3B323-D731-4079-B0FA-67B2E7120FE3}.Release|Any CPU.ActiveCfg = Release|Any CPU
		{EEC3B323-D731-4079-B0FA-67B2E7120FE3}.Release|Any CPU.Build.0 = Release|Any CPU
		{B2DA5B4A-9E42-48B0-934F-0FCE0A4CEAB2}.Debug|Any CPU.ActiveCfg = Debug|Any CPU
		{B2DA5B4A-9E42-48B0-934F-0FCE0A4CEAB2}.Debug|Any CPU.Build.0 = Debug|Any CPU
		{B2DA5B4A-9E42-48B0-934F-0FCE0A4CEAB2}.Release|Any CPU.ActiveCfg = Release|Any CPU
		{B2DA5B4A-9E42-48B0-934F-0FCE0A4CEAB2}.Release|Any CPU.Build.0 = Release|Any CPU
		{BB1B3B86-FD44-4953-97E6-B2DF89F944B5}.Debug|Any CPU.ActiveCfg = Debug|Any CPU
		{BB1B3B86-FD44-4953-97E6-B2DF89F944B5}.Debug|Any CPU.Build.0 = Debug|Any CPU
		{BB1B3B86-FD44-4953-97E6-B2DF89F944B5}.Release|Any CPU.ActiveCfg = Release|Any CPU
		{BB1B3B86-FD44-4953-97E6-B2DF89F944B5}.Release|Any CPU.Build.0 = Release|Any CPU
	EndGlobalSection
	GlobalSection(SolutionProperties) = preSolution
		HideSolutionNode = FALSE
	EndGlobalSection
	GlobalSection(ExtensibilityGlobals) = postSolution
		SolutionGuid = {78531326-7023-4BE6-8AFA-48566142A7F8}
	EndGlobalSection
EndGlobal
